
Microsoft Visual Studio Solution File, Format Version 12.00
# Visual Studio Version 16
VisualStudioVersion = 16.0.29905.134
MinimumVisualStudioVersion = 10.0.40219.1
Project("{FAE04EC0-301F-11D3-BF4B-00C04F79EFBC}") = "Arcapi", "Arcapi.csproj", "{DCE6730D-DA11-4600-8E4A-60C2A881FE5E}"
EndProject
Global
	GlobalSection(SolutionConfigurationPlatforms) = preSolution
		Debug|Any CPU = Debug|Any CPU
		Release|Any CPU = Release|Any CPU
	EndGlobalSection
	GlobalSection(ProjectConfigurationPlatforms) = postSolution
		{DCE6730D-DA11-4600-8E4A-60C2A881FE5E}.Debug|Any CPU.ActiveCfg = Debug|Any CPU
		{DCE6730D-DA11-4600-8E4A-60C2A881FE5E}.Debug|Any CPU.Build.0 = Debug|Any CPU
		{DCE6730D-DA11-4600-8E4A-60C2A881FE5E}.Release|Any CPU.ActiveCfg = Release|Any CPU
		{DCE6730D-DA11-4600-8E4A-60C2A881FE5E}.Release|Any CPU.Build.0 = Release|Any CPU
	EndGlobalSection
	GlobalSection(SolutionProperties) = preSolution
		HideSolutionNode = FALSE
	EndGlobalSection
	GlobalSection(ExtensibilityGlobals) = postSolution
		SolutionGuid = {6749054E-C2AE-4D96-A929-FED3DD6CB175}
	EndGlobalSection
EndGlobal
